
Microsoft Visual Studio Solution File, Format Version 12.00
# Visual Studio Version 17
VisualStudioVersion = 17.4.33205.214
MinimumVisualStudioVersion = 10.0.40219.1
Project("{FAE04EC0-301F-11D3-BF4B-00C04F79EFBC}") = "Ex8_ValidaEmail", "Ex8_ValidaEmail.csproj", "{006EEA77-3A25-458E-A947-5540340DF2DE}"
EndProject
Global
	GlobalSection(SolutionConfigurationPlatforms) = preSolution
		Debug|Any CPU = Debug|Any CPU
		Release|Any CPU = Release|Any CPU
	EndGlobalSection
	GlobalSection(ProjectConfigurationPlatforms) = postSolution
		{006EEA77-3A25-458E-A947-5540340DF2DE}.Debug|Any CPU.ActiveCfg = Debug|Any CPU
		{006EEA77-3A25-458E-A947-5540340DF2DE}.Debug|Any CPU.Build.0 = Debug|Any CPU
		{006EEA77-3A25-458E-A947-5540340DF2DE}.Release|Any CPU.ActiveCfg = Release|Any CPU
		{006EEA77-3A25-458E-A947-5540340DF2DE}.Release|Any CPU.Build.0 = Release|Any CPU
	EndGlobalSection
	GlobalSection(SolutionProperties) = preSolution
		HideSolutionNode = FALSE
	EndGlobalSection
	GlobalSection(ExtensibilityGlobals) = postSolution
		SolutionGuid = {771F9977-7C00-4E5C-B893-2BF03BE76865}
	EndGlobalSection
EndGlobal
