
Microsoft Visual Studio Solution File, Format Version 12.00
# Visual Studio Version 17
VisualStudioVersion = 17.4.33205.214
MinimumVisualStudioVersion = 10.0.40219.1
Project("{FAE04EC0-301F-11D3-BF4B-00C04F79EFBC}") = "Ex12_MediaVetor", "Ex12_MediaVetor.csproj", "{9EDA2D7D-FB09-43B2-AF26-E07F21D48EBE}"
EndProject
Global
	GlobalSection(SolutionConfigurationPlatforms) = preSolution
		Debug|Any CPU = Debug|Any CPU
		Release|Any CPU = Release|Any CPU
	EndGlobalSection
	GlobalSection(ProjectConfigurationPlatforms) = postSolution
		{9EDA2D7D-FB09-43B2-AF26-E07F21D48EBE}.Debug|Any CPU.ActiveCfg = Debug|Any CPU
		{9EDA2D7D-FB09-43B2-AF26-E07F21D48EBE}.Debug|Any CPU.Build.0 = Debug|Any CPU
		{9EDA2D7D-FB09-43B2-AF26-E07F21D48EBE}.Release|Any CPU.ActiveCfg = Release|Any CPU
		{9EDA2D7D-FB09-43B2-AF26-E07F21D48EBE}.Release|Any CPU.Build.0 = Release|Any CPU
	EndGlobalSection
	GlobalSection(SolutionProperties) = preSolution
		HideSolutionNode = FALSE
	EndGlobalSection
	GlobalSection(ExtensibilityGlobals) = postSolution
		SolutionGuid = {95CA9675-1C0A-448D-BFD1-B742AC9BBE26}
	EndGlobalSection
EndGlobal
