
Microsoft Visual Studio Solution File, Format Version 12.00
# Visual Studio 15
VisualStudioVersion = 15.0.28307.168
MinimumVisualStudioVersion = 10.0.40219.1
Project("{FAE04EC0-301F-11D3-BF4B-00C04F79EFBC}") = "Imagens e Reconhecimento de teclas", "Imagens e Reconhecimento de teclas\Imagens e Reconhecimento de teclas.csproj", "{CD0E0F9A-5E3F-43F2-AB8E-E76A96FAE4DD}"
EndProject
Global
	GlobalSection(SolutionConfigurationPlatforms) = preSolution
		Debug|Any CPU = Debug|Any CPU
		Release|Any CPU = Release|Any CPU
	EndGlobalSection
	GlobalSection(ProjectConfigurationPlatforms) = postSolution
		{CD0E0F9A-5E3F-43F2-AB8E-E76A96FAE4DD}.Debug|Any CPU.ActiveCfg = Debug|Any CPU
		{CD0E0F9A-5E3F-43F2-AB8E-E76A96FAE4DD}.Debug|Any CPU.Build.0 = Debug|Any CPU
		{CD0E0F9A-5E3F-43F2-AB8E-E76A96FAE4DD}.Release|Any CPU.ActiveCfg = Release|Any CPU
		{CD0E0F9A-5E3F-43F2-AB8E-E76A96FAE4DD}.Release|Any CPU.Build.0 = Release|Any CPU
	EndGlobalSection
	GlobalSection(SolutionProperties) = preSolution
		HideSolutionNode = FALSE
	EndGlobalSection
	GlobalSection(ExtensibilityGlobals) = postSolution
		SolutionGuid = {182A4D31-3E9B-483C-BD3B-E8C187273A7D}
	EndGlobalSection
EndGlobal
