
Microsoft Visual Studio Solution File, Format Version 12.00
# Visual Studio Version 16
VisualStudioVersion = 16.0.31205.134
MinimumVisualStudioVersion = 10.0.40219.1
Project("{FAE04EC0-301F-11D3-BF4B-00C04F79EFBC}") = "PACP", "PACP\PACP.csproj", "{F42693C8-DC36-4BCB-B775-FA81F4B4C41C}"
EndProject
Global
	GlobalSection(SolutionConfigurationPlatforms) = preSolution
		Debug|Any CPU = Debug|Any CPU
		Release|Any CPU = Release|Any CPU
	EndGlobalSection
	GlobalSection(ProjectConfigurationPlatforms) = postSolution
		{F42693C8-DC36-4BCB-B775-FA81F4B4C41C}.Debug|Any CPU.ActiveCfg = Debug|Any CPU
		{F42693C8-DC36-4BCB-B775-FA81F4B4C41C}.Debug|Any CPU.Build.0 = Debug|Any CPU
		{F42693C8-DC36-4BCB-B775-FA81F4B4C41C}.Release|Any CPU.ActiveCfg = Release|Any CPU
		{F42693C8-DC36-4BCB-B775-FA81F4B4C41C}.Release|Any CPU.Build.0 = Release|Any CPU
	EndGlobalSection
	GlobalSection(SolutionProperties) = preSolution
		HideSolutionNode = FALSE
	EndGlobalSection
	GlobalSection(ExtensibilityGlobals) = postSolution
		SolutionGuid = {ECF1C73E-78D5-4B97-AF90-146770C1DFD2}
	EndGlobalSection
EndGlobal
