
Microsoft Visual Studio Solution File, Format Version 12.00
# Visual Studio Version 16
VisualStudioVersion = 16.0.30204.135
MinimumVisualStudioVersion = 10.0.40219.1
Project("{FAE04EC0-301F-11D3-BF4B-00C04F79EFBC}") = "Imperfectum", "Imperfectum\Imperfectum.csproj", "{1B637771-0C9B-4EA8-879E-3E0C76ECDB2A}"
EndProject
Project("{FAE04EC0-301F-11D3-BF4B-00C04F79EFBC}") = "Engine", "Engine\Engine.csproj", "{2118BC7C-E164-4D1D-8963-7F9D48F40C34}"
EndProject
Global
	GlobalSection(SolutionConfigurationPlatforms) = preSolution
		Debug|Any CPU = Debug|Any CPU
		Release|Any CPU = Release|Any CPU
	EndGlobalSection
	GlobalSection(ProjectConfigurationPlatforms) = postSolution
		{1B637771-0C9B-4EA8-879E-3E0C76ECDB2A}.Debug|Any CPU.ActiveCfg = Debug|Any CPU
		{1B637771-0C9B-4EA8-879E-3E0C76ECDB2A}.Debug|Any CPU.Build.0 = Debug|Any CPU
		{1B637771-0C9B-4EA8-879E-3E0C76ECDB2A}.Release|Any CPU.ActiveCfg = Release|Any CPU
		{1B637771-0C9B-4EA8-879E-3E0C76ECDB2A}.Release|Any CPU.Build.0 = Release|Any CPU
		{2118BC7C-E164-4D1D-8963-7F9D48F40C34}.Debug|Any CPU.ActiveCfg = Debug|Any CPU
		{2118BC7C-E164-4D1D-8963-7F9D48F40C34}.Debug|Any CPU.Build.0 = Debug|Any CPU
		{2118BC7C-E164-4D1D-8963-7F9D48F40C34}.Release|Any CPU.ActiveCfg = Release|Any CPU
		{2118BC7C-E164-4D1D-8963-7F9D48F40C34}.Release|Any CPU.Build.0 = Release|Any CPU
	EndGlobalSection
	GlobalSection(SolutionProperties) = preSolution
		HideSolutionNode = FALSE
	EndGlobalSection
	GlobalSection(ExtensibilityGlobals) = postSolution
		SolutionGuid = {4990AF99-D820-495F-92FB-CCE872FE30CA}
	EndGlobalSection
EndGlobal
