
Microsoft Visual Studio Solution File, Format Version 12.00
# Visual Studio Version 17
VisualStudioVersion = 17.4.33205.214
MinimumVisualStudioVersion = 10.0.40219.1
Project("{FAE04EC0-301F-11D3-BF4B-00C04F79EFBC}") = "Ex18_Controle_2_3_9_10", "Ex18_Controle_2_3_9_10.csproj", "{9B551421-8C9D-44B7-8280-B682DC2F7EAD}"
EndProject
Global
	GlobalSection(SolutionConfigurationPlatforms) = preSolution
		Debug|Any CPU = Debug|Any CPU
		Release|Any CPU = Release|Any CPU
	EndGlobalSection
	GlobalSection(ProjectConfigurationPlatforms) = postSolution
		{9B551421-8C9D-44B7-8280-B682DC2F7EAD}.Debug|Any CPU.ActiveCfg = Debug|Any CPU
		{9B551421-8C9D-44B7-8280-B682DC2F7EAD}.Debug|Any CPU.Build.0 = Debug|Any CPU
		{9B551421-8C9D-44B7-8280-B682DC2F7EAD}.Release|Any CPU.ActiveCfg = Release|Any CPU
		{9B551421-8C9D-44B7-8280-B682DC2F7EAD}.Release|Any CPU.Build.0 = Release|Any CPU
	EndGlobalSection
	GlobalSection(SolutionProperties) = preSolution
		HideSolutionNode = FALSE
	EndGlobalSection
	GlobalSection(ExtensibilityGlobals) = postSolution
		SolutionGuid = {E3948224-A1E7-4541-8721-7295018FA192}
	EndGlobalSection
EndGlobal
