
Microsoft Visual Studio Solution File, Format Version 12.00
# Visual Studio Version 17
VisualStudioVersion = 17.4.33205.214
MinimumVisualStudioVersion = 10.0.40219.1
Project("{FAE04EC0-301F-11D3-BF4B-00C04F79EFBC}") = "Ex24_DevolveOutStruct", "Ex24_DevolveOutStruct.csproj", "{ED5596AD-FD89-4156-ABF8-E6D1D6123BB8}"
EndProject
Global
	GlobalSection(SolutionConfigurationPlatforms) = preSolution
		Debug|Any CPU = Debug|Any CPU
		Release|Any CPU = Release|Any CPU
	EndGlobalSection
	GlobalSection(ProjectConfigurationPlatforms) = postSolution
		{ED5596AD-FD89-4156-ABF8-E6D1D6123BB8}.Debug|Any CPU.ActiveCfg = Debug|Any CPU
		{ED5596AD-FD89-4156-ABF8-E6D1D6123BB8}.Debug|Any CPU.Build.0 = Debug|Any CPU
		{ED5596AD-FD89-4156-ABF8-E6D1D6123BB8}.Release|Any CPU.ActiveCfg = Release|Any CPU
		{ED5596AD-FD89-4156-ABF8-E6D1D6123BB8}.Release|Any CPU.Build.0 = Release|Any CPU
	EndGlobalSection
	GlobalSection(SolutionProperties) = preSolution
		HideSolutionNode = FALSE
	EndGlobalSection
	GlobalSection(ExtensibilityGlobals) = postSolution
		SolutionGuid = {E387D16C-5B8D-47C3-A173-8FF060C1F5D4}
	EndGlobalSection
EndGlobal
