
Microsoft Visual Studio Solution File, Format Version 12.00
# Visual Studio 15
VisualStudioVersion = 15.0.28307.168
MinimumVisualStudioVersion = 10.0.40219.1
Project("{FAE04EC0-301F-11D3-BF4B-00C04F79EFBC}") = "Exemplo_Structs_vetor", "Exemplo_Structs_vetor\Exemplo_Structs_vetor.csproj", "{3436AB90-2455-4286-A975-2E56F71B7C53}"
EndProject
Global
	GlobalSection(SolutionConfigurationPlatforms) = preSolution
		Debug|Any CPU = Debug|Any CPU
		Release|Any CPU = Release|Any CPU
	EndGlobalSection
	GlobalSection(ProjectConfigurationPlatforms) = postSolution
		{3436AB90-2455-4286-A975-2E56F71B7C53}.Debug|Any CPU.ActiveCfg = Debug|Any CPU
		{3436AB90-2455-4286-A975-2E56F71B7C53}.Debug|Any CPU.Build.0 = Debug|Any CPU
		{3436AB90-2455-4286-A975-2E56F71B7C53}.Release|Any CPU.ActiveCfg = Release|Any CPU
		{3436AB90-2455-4286-A975-2E56F71B7C53}.Release|Any CPU.Build.0 = Release|Any CPU
	EndGlobalSection
	GlobalSection(SolutionProperties) = preSolution
		HideSolutionNode = FALSE
	EndGlobalSection
	GlobalSection(ExtensibilityGlobals) = postSolution
		SolutionGuid = {1C64523C-CD2E-4DF0-A05B-8B7DB27E4B7F}
	EndGlobalSection
EndGlobal
