
Microsoft Visual Studio Solution File, Format Version 12.00
# Visual Studio Version 17
VisualStudioVersion = 17.4.33205.214
MinimumVisualStudioVersion = 10.0.40219.1
Project("{FAE04EC0-301F-11D3-BF4B-00C04F79EFBC}") = "Ex1_DadosJogo", "Ex1_DadosJogo.csproj", "{9916A9EE-BEDB-40DA-A55F-31260D374D6B}"
EndProject
Global
	GlobalSection(SolutionConfigurationPlatforms) = preSolution
		Debug|Any CPU = Debug|Any CPU
		Release|Any CPU = Release|Any CPU
	EndGlobalSection
	GlobalSection(ProjectConfigurationPlatforms) = postSolution
		{9916A9EE-BEDB-40DA-A55F-31260D374D6B}.Debug|Any CPU.ActiveCfg = Debug|Any CPU
		{9916A9EE-BEDB-40DA-A55F-31260D374D6B}.Debug|Any CPU.Build.0 = Debug|Any CPU
		{9916A9EE-BEDB-40DA-A55F-31260D374D6B}.Release|Any CPU.ActiveCfg = Release|Any CPU
		{9916A9EE-BEDB-40DA-A55F-31260D374D6B}.Release|Any CPU.Build.0 = Release|Any CPU
	EndGlobalSection
	GlobalSection(SolutionProperties) = preSolution
		HideSolutionNode = FALSE
	EndGlobalSection
	GlobalSection(ExtensibilityGlobals) = postSolution
		SolutionGuid = {5BD14ED1-18EC-420E-A294-493C702EB7ED}
	EndGlobalSection
EndGlobal
