
Microsoft Visual Studio Solution File, Format Version 12.00
# Visual Studio Version 17
VisualStudioVersion = 17.4.33205.214
MinimumVisualStudioVersion = 10.0.40219.1
Project("{FAE04EC0-301F-11D3-BF4B-00C04F79EFBC}") = "Ex11_SomaVetor", "Ex11_SomaVetor.csproj", "{9049C68C-BE3E-4610-A1D8-928257F5E398}"
EndProject
Global
	GlobalSection(SolutionConfigurationPlatforms) = preSolution
		Debug|Any CPU = Debug|Any CPU
		Release|Any CPU = Release|Any CPU
	EndGlobalSection
	GlobalSection(ProjectConfigurationPlatforms) = postSolution
		{9049C68C-BE3E-4610-A1D8-928257F5E398}.Debug|Any CPU.ActiveCfg = Debug|Any CPU
		{9049C68C-BE3E-4610-A1D8-928257F5E398}.Debug|Any CPU.Build.0 = Debug|Any CPU
		{9049C68C-BE3E-4610-A1D8-928257F5E398}.Release|Any CPU.ActiveCfg = Release|Any CPU
		{9049C68C-BE3E-4610-A1D8-928257F5E398}.Release|Any CPU.Build.0 = Release|Any CPU
	EndGlobalSection
	GlobalSection(SolutionProperties) = preSolution
		HideSolutionNode = FALSE
	EndGlobalSection
	GlobalSection(ExtensibilityGlobals) = postSolution
		SolutionGuid = {A43DBFBB-2809-44D7-B9FB-97ADF3C10542}
	EndGlobalSection
EndGlobal
