
Microsoft Visual Studio Solution File, Format Version 12.00
# Visual Studio Version 16
VisualStudioVersion = 16.0.31105.61
MinimumVisualStudioVersion = 10.0.40219.1
Project("{FAE04EC0-301F-11D3-BF4B-00C04F79EFBC}") = "Exercicio18_POO", "Exercicio18_POO.csproj", "{701F7F76-B640-4A64-90E9-BE2D862A0BE4}"
EndProject
Global
	GlobalSection(SolutionConfigurationPlatforms) = preSolution
		Debug|Any CPU = Debug|Any CPU
		Release|Any CPU = Release|Any CPU
	EndGlobalSection
	GlobalSection(ProjectConfigurationPlatforms) = postSolution
		{701F7F76-B640-4A64-90E9-BE2D862A0BE4}.Debug|Any CPU.ActiveCfg = Debug|Any CPU
		{701F7F76-B640-4A64-90E9-BE2D862A0BE4}.Debug|Any CPU.Build.0 = Debug|Any CPU
		{701F7F76-B640-4A64-90E9-BE2D862A0BE4}.Release|Any CPU.ActiveCfg = Release|Any CPU
		{701F7F76-B640-4A64-90E9-BE2D862A0BE4}.Release|Any CPU.Build.0 = Release|Any CPU
	EndGlobalSection
	GlobalSection(SolutionProperties) = preSolution
		HideSolutionNode = FALSE
	EndGlobalSection
	GlobalSection(ExtensibilityGlobals) = postSolution
		SolutionGuid = {B75048E2-2AC7-4279-A27E-45E79171DB89}
	EndGlobalSection
EndGlobal
