
Microsoft Visual Studio Solution File, Format Version 12.00
# Visual Studio Version 17
VisualStudioVersion = 17.4.33205.214
MinimumVisualStudioVersion = 10.0.40219.1
Project("{FAE04EC0-301F-11D3-BF4B-00C04F79EFBC}") = "Ex16_DebugEditorDeTexto", "Ex16_DebugEditorDeTexto.csproj", "{965C20F8-C3A5-4156-A4D2-6FB8E73DC12D}"
EndProject
Global
	GlobalSection(SolutionConfigurationPlatforms) = preSolution
		Debug|Any CPU = Debug|Any CPU
		Release|Any CPU = Release|Any CPU
	EndGlobalSection
	GlobalSection(ProjectConfigurationPlatforms) = postSolution
		{965C20F8-C3A5-4156-A4D2-6FB8E73DC12D}.Debug|Any CPU.ActiveCfg = Debug|Any CPU
		{965C20F8-C3A5-4156-A4D2-6FB8E73DC12D}.Debug|Any CPU.Build.0 = Debug|Any CPU
		{965C20F8-C3A5-4156-A4D2-6FB8E73DC12D}.Release|Any CPU.ActiveCfg = Release|Any CPU
		{965C20F8-C3A5-4156-A4D2-6FB8E73DC12D}.Release|Any CPU.Build.0 = Release|Any CPU
	EndGlobalSection
	GlobalSection(SolutionProperties) = preSolution
		HideSolutionNode = FALSE
	EndGlobalSection
	GlobalSection(ExtensibilityGlobals) = postSolution
		SolutionGuid = {FBC1F111-E712-44EF-A2FB-EFD209434970}
	EndGlobalSection
EndGlobal
