
Microsoft Visual Studio Solution File, Format Version 12.00
# Visual Studio Version 17
VisualStudioVersion = 17.4.33205.214
MinimumVisualStudioVersion = 10.0.40219.1
Project("{FAE04EC0-301F-11D3-BF4B-00C04F79EFBC}") = "Ex13_DebugOpcaoValida", "Ex13_DebugOpcaoValida.csproj", "{11D42ABD-B136-484E-944E-69F72B0C88B3}"
EndProject
Global
	GlobalSection(SolutionConfigurationPlatforms) = preSolution
		Debug|Any CPU = Debug|Any CPU
		Release|Any CPU = Release|Any CPU
	EndGlobalSection
	GlobalSection(ProjectConfigurationPlatforms) = postSolution
		{11D42ABD-B136-484E-944E-69F72B0C88B3}.Debug|Any CPU.ActiveCfg = Debug|Any CPU
		{11D42ABD-B136-484E-944E-69F72B0C88B3}.Debug|Any CPU.Build.0 = Debug|Any CPU
		{11D42ABD-B136-484E-944E-69F72B0C88B3}.Release|Any CPU.ActiveCfg = Release|Any CPU
		{11D42ABD-B136-484E-944E-69F72B0C88B3}.Release|Any CPU.Build.0 = Release|Any CPU
	EndGlobalSection
	GlobalSection(SolutionProperties) = preSolution
		HideSolutionNode = FALSE
	EndGlobalSection
	GlobalSection(ExtensibilityGlobals) = postSolution
		SolutionGuid = {117DBF6A-0954-4D4F-8EC0-B380D5E27692}
	EndGlobalSection
EndGlobal
