
Microsoft Visual Studio Solution File, Format Version 12.00
# Visual Studio Version 16
VisualStudioVersion = 16.0.31105.61
MinimumVisualStudioVersion = 10.0.40219.1
Project("{FAE04EC0-301F-11D3-BF4B-00C04F79EFBC}") = "PACGIRLARCADE", "PACGIRLARCADE\PACGIRLARCADE.csproj", "{D282A628-C868-44DB-B671-ACCDC4FC2B3A}"
EndProject
Global
	GlobalSection(SolutionConfigurationPlatforms) = preSolution
		Debug|Any CPU = Debug|Any CPU
		Release|Any CPU = Release|Any CPU
	EndGlobalSection
	GlobalSection(ProjectConfigurationPlatforms) = postSolution
		{D282A628-C868-44DB-B671-ACCDC4FC2B3A}.Debug|Any CPU.ActiveCfg = Debug|Any CPU
		{D282A628-C868-44DB-B671-ACCDC4FC2B3A}.Debug|Any CPU.Build.0 = Debug|Any CPU
		{D282A628-C868-44DB-B671-ACCDC4FC2B3A}.Release|Any CPU.ActiveCfg = Release|Any CPU
		{D282A628-C868-44DB-B671-ACCDC4FC2B3A}.Release|Any CPU.Build.0 = Release|Any CPU
	EndGlobalSection
	GlobalSection(SolutionProperties) = preSolution
		HideSolutionNode = FALSE
	EndGlobalSection
	GlobalSection(ExtensibilityGlobals) = postSolution
		SolutionGuid = {CCD99467-1A31-4C5F-B3BB-F77F0F813B6E}
	EndGlobalSection
EndGlobal
