
Microsoft Visual Studio Solution File, Format Version 12.00
# Visual Studio Version 16
VisualStudioVersion = 16.0.31911.196
MinimumVisualStudioVersion = 10.0.40219.1
Project("{FAE04EC0-301F-11D3-BF4B-00C04F79EFBC}") = "InteragindoComFormularios", "InteragindoComFormularios\InteragindoComFormularios.csproj", "{8BDBD262-672D-4EEA-B169-517E2CC35BCC}"
EndProject
Global
	GlobalSection(SolutionConfigurationPlatforms) = preSolution
		Debug|Any CPU = Debug|Any CPU
		Release|Any CPU = Release|Any CPU
	EndGlobalSection
	GlobalSection(ProjectConfigurationPlatforms) = postSolution
		{8BDBD262-672D-4EEA-B169-517E2CC35BCC}.Debug|Any CPU.ActiveCfg = Debug|Any CPU
		{8BDBD262-672D-4EEA-B169-517E2CC35BCC}.Debug|Any CPU.Build.0 = Debug|Any CPU
		{8BDBD262-672D-4EEA-B169-517E2CC35BCC}.Release|Any CPU.ActiveCfg = Release|Any CPU
		{8BDBD262-672D-4EEA-B169-517E2CC35BCC}.Release|Any CPU.Build.0 = Release|Any CPU
	EndGlobalSection
	GlobalSection(SolutionProperties) = preSolution
		HideSolutionNode = FALSE
	EndGlobalSection
	GlobalSection(ExtensibilityGlobals) = postSolution
		SolutionGuid = {6DBC40B8-933E-4F27-82D8-4421350D3B8C}
	EndGlobalSection
EndGlobal
