
Microsoft Visual Studio Solution File, Format Version 12.00
# Visual Studio 15
VisualStudioVersion = 15.0.28307.168
MinimumVisualStudioVersion = 10.0.40219.1
Project("{FAE04EC0-301F-11D3-BF4B-00C04F79EFBC}") = "ExemploOutRef", "ExemploOutRef\ExemploOutRef.csproj", "{5BD413F8-33D0-4A1D-969B-A64CE1516A2D}"
EndProject
Global
	GlobalSection(SolutionConfigurationPlatforms) = preSolution
		Debug|Any CPU = Debug|Any CPU
		Release|Any CPU = Release|Any CPU
	EndGlobalSection
	GlobalSection(ProjectConfigurationPlatforms) = postSolution
		{5BD413F8-33D0-4A1D-969B-A64CE1516A2D}.Debug|Any CPU.ActiveCfg = Debug|Any CPU
		{5BD413F8-33D0-4A1D-969B-A64CE1516A2D}.Debug|Any CPU.Build.0 = Debug|Any CPU
		{5BD413F8-33D0-4A1D-969B-A64CE1516A2D}.Release|Any CPU.ActiveCfg = Release|Any CPU
		{5BD413F8-33D0-4A1D-969B-A64CE1516A2D}.Release|Any CPU.Build.0 = Release|Any CPU
	EndGlobalSection
	GlobalSection(SolutionProperties) = preSolution
		HideSolutionNode = FALSE
	EndGlobalSection
	GlobalSection(ExtensibilityGlobals) = postSolution
		SolutionGuid = {E88AC7DB-5C01-40FB-A73A-C6CF5A2DB0BA}
	EndGlobalSection
EndGlobal
