
Microsoft Visual Studio Solution File, Format Version 12.00
# Visual Studio Version 17
VisualStudioVersion = 17.4.33205.214
MinimumVisualStudioVersion = 10.0.40219.1
Project("{FAE04EC0-301F-11D3-BF4B-00C04F79EFBC}") = "Ex10_MenorValorVetor", "Ex10_MenorValorVetor.csproj", "{FA68BD93-EC2C-4230-9D14-056F782834BC}"
EndProject
Global
	GlobalSection(SolutionConfigurationPlatforms) = preSolution
		Debug|Any CPU = Debug|Any CPU
		Release|Any CPU = Release|Any CPU
	EndGlobalSection
	GlobalSection(ProjectConfigurationPlatforms) = postSolution
		{FA68BD93-EC2C-4230-9D14-056F782834BC}.Debug|Any CPU.ActiveCfg = Debug|Any CPU
		{FA68BD93-EC2C-4230-9D14-056F782834BC}.Debug|Any CPU.Build.0 = Debug|Any CPU
		{FA68BD93-EC2C-4230-9D14-056F782834BC}.Release|Any CPU.ActiveCfg = Release|Any CPU
		{FA68BD93-EC2C-4230-9D14-056F782834BC}.Release|Any CPU.Build.0 = Release|Any CPU
	EndGlobalSection
	GlobalSection(SolutionProperties) = preSolution
		HideSolutionNode = FALSE
	EndGlobalSection
	GlobalSection(ExtensibilityGlobals) = postSolution
		SolutionGuid = {4CD26504-0700-4849-B903-B00C3CED52AF}
	EndGlobalSection
EndGlobal
