
Microsoft Visual Studio Solution File, Format Version 12.00
# Visual Studio Version 17
VisualStudioVersion = 17.4.33205.214
MinimumVisualStudioVersion = 10.0.40219.1
Project("{FAE04EC0-301F-11D3-BF4B-00C04F79EFBC}") = "Exemplo_Metodos", "Exemplo_Metodos.csproj", "{CDFD7F7B-49C9-4EBE-B717-F4E81F3D85E9}"
EndProject
Global
	GlobalSection(SolutionConfigurationPlatforms) = preSolution
		Debug|Any CPU = Debug|Any CPU
		Release|Any CPU = Release|Any CPU
	EndGlobalSection
	GlobalSection(ProjectConfigurationPlatforms) = postSolution
		{CDFD7F7B-49C9-4EBE-B717-F4E81F3D85E9}.Debug|Any CPU.ActiveCfg = Debug|Any CPU
		{CDFD7F7B-49C9-4EBE-B717-F4E81F3D85E9}.Debug|Any CPU.Build.0 = Debug|Any CPU
		{CDFD7F7B-49C9-4EBE-B717-F4E81F3D85E9}.Release|Any CPU.ActiveCfg = Release|Any CPU
		{CDFD7F7B-49C9-4EBE-B717-F4E81F3D85E9}.Release|Any CPU.Build.0 = Release|Any CPU
	EndGlobalSection
	GlobalSection(SolutionProperties) = preSolution
		HideSolutionNode = FALSE
	EndGlobalSection
	GlobalSection(ExtensibilityGlobals) = postSolution
		SolutionGuid = {82FFCB26-BB65-441C-8B20-2A6FC80B3F67}
	EndGlobalSection
EndGlobal
