
Microsoft Visual Studio Solution File, Format Version 12.00
# Visual Studio Version 16
VisualStudioVersion = 16.0.31515.178
MinimumVisualStudioVersion = 10.0.40219.1
Project("{FAE04EC0-301F-11D3-BF4B-00C04F79EFBC}") = "ExemplosComponentes", "ExemplosComponentes\ExemplosComponentes.csproj", "{EF1FF322-C1F3-45C9-978A-D801C8C57E3C}"
EndProject
Global
	GlobalSection(SolutionConfigurationPlatforms) = preSolution
		Debug|Any CPU = Debug|Any CPU
		Release|Any CPU = Release|Any CPU
	EndGlobalSection
	GlobalSection(ProjectConfigurationPlatforms) = postSolution
		{EF1FF322-C1F3-45C9-978A-D801C8C57E3C}.Debug|Any CPU.ActiveCfg = Debug|Any CPU
		{EF1FF322-C1F3-45C9-978A-D801C8C57E3C}.Debug|Any CPU.Build.0 = Debug|Any CPU
		{EF1FF322-C1F3-45C9-978A-D801C8C57E3C}.Release|Any CPU.ActiveCfg = Release|Any CPU
		{EF1FF322-C1F3-45C9-978A-D801C8C57E3C}.Release|Any CPU.Build.0 = Release|Any CPU
	EndGlobalSection
	GlobalSection(SolutionProperties) = preSolution
		HideSolutionNode = FALSE
	EndGlobalSection
	GlobalSection(ExtensibilityGlobals) = postSolution
		SolutionGuid = {B4AB35AC-5F30-4D9E-B69A-1DF4D1E35418}
	EndGlobalSection
EndGlobal
