
Microsoft Visual Studio Solution File, Format Version 12.00
# Visual Studio 15
VisualStudioVersion = 15.0.28307.1622
MinimumVisualStudioVersion = 10.0.40219.1
Project("{FAE04EC0-301F-11D3-BF4B-00C04F79EFBC}") = "Ex1", "Ex1\Ex1.csproj", "{A6B1115B-6D43-44BC-9FE9-8AF42EC35CE0}"
EndProject
Global
	GlobalSection(SolutionConfigurationPlatforms) = preSolution
		Debug|Any CPU = Debug|Any CPU
		Release|Any CPU = Release|Any CPU
	EndGlobalSection
	GlobalSection(ProjectConfigurationPlatforms) = postSolution
		{A6B1115B-6D43-44BC-9FE9-8AF42EC35CE0}.Debug|Any CPU.ActiveCfg = Debug|Any CPU
		{A6B1115B-6D43-44BC-9FE9-8AF42EC35CE0}.Debug|Any CPU.Build.0 = Debug|Any CPU
		{A6B1115B-6D43-44BC-9FE9-8AF42EC35CE0}.Release|Any CPU.ActiveCfg = Release|Any CPU
		{A6B1115B-6D43-44BC-9FE9-8AF42EC35CE0}.Release|Any CPU.Build.0 = Release|Any CPU
	EndGlobalSection
	GlobalSection(SolutionProperties) = preSolution
		HideSolutionNode = FALSE
	EndGlobalSection
	GlobalSection(ExtensibilityGlobals) = postSolution
		SolutionGuid = {97673DBD-9546-40DC-B9DD-A6175239C666}
	EndGlobalSection
EndGlobal
