
Microsoft Visual Studio Solution File, Format Version 12.00
# Visual Studio Version 16
VisualStudioVersion = 16.0.31129.286
MinimumVisualStudioVersion = 10.0.40219.1
Project("{FAE04EC0-301F-11D3-BF4B-00C04F79EFBC}") = "Exemplo_Grid", "Exemplo_Grid\Exemplo_Grid.csproj", "{187C90D7-1D37-4FAA-ABC3-2E043155F41B}"
EndProject
Global
	GlobalSection(SolutionConfigurationPlatforms) = preSolution
		Debug|Any CPU = Debug|Any CPU
		Release|Any CPU = Release|Any CPU
	EndGlobalSection
	GlobalSection(ProjectConfigurationPlatforms) = postSolution
		{187C90D7-1D37-4FAA-ABC3-2E043155F41B}.Debug|Any CPU.ActiveCfg = Debug|Any CPU
		{187C90D7-1D37-4FAA-ABC3-2E043155F41B}.Debug|Any CPU.Build.0 = Debug|Any CPU
		{187C90D7-1D37-4FAA-ABC3-2E043155F41B}.Release|Any CPU.ActiveCfg = Release|Any CPU
		{187C90D7-1D37-4FAA-ABC3-2E043155F41B}.Release|Any CPU.Build.0 = Release|Any CPU
	EndGlobalSection
	GlobalSection(SolutionProperties) = preSolution
		HideSolutionNode = FALSE
	EndGlobalSection
	GlobalSection(ExtensibilityGlobals) = postSolution
		SolutionGuid = {B1840D7A-75F6-45C2-BF1B-592F600EBDF8}
	EndGlobalSection
EndGlobal
