
Microsoft Visual Studio Solution File, Format Version 12.00
# Visual Studio Version 16
VisualStudioVersion = 16.0.31129.286
MinimumVisualStudioVersion = 10.0.40219.1
Project("{FAE04EC0-301F-11D3-BF4B-00C04F79EFBC}") = "Jogo", "Jogo\Jogo.csproj", "{87BF346C-26E9-4B45-B11F-F13AFE95EA1F}"
EndProject
Global
	GlobalSection(SolutionConfigurationPlatforms) = preSolution
		Debug|Any CPU = Debug|Any CPU
		Release|Any CPU = Release|Any CPU
	EndGlobalSection
	GlobalSection(ProjectConfigurationPlatforms) = postSolution
		{87BF346C-26E9-4B45-B11F-F13AFE95EA1F}.Debug|Any CPU.ActiveCfg = Debug|Any CPU
		{87BF346C-26E9-4B45-B11F-F13AFE95EA1F}.Debug|Any CPU.Build.0 = Debug|Any CPU
		{87BF346C-26E9-4B45-B11F-F13AFE95EA1F}.Release|Any CPU.ActiveCfg = Release|Any CPU
		{87BF346C-26E9-4B45-B11F-F13AFE95EA1F}.Release|Any CPU.Build.0 = Release|Any CPU
	EndGlobalSection
	GlobalSection(SolutionProperties) = preSolution
		HideSolutionNode = FALSE
	EndGlobalSection
	GlobalSection(ExtensibilityGlobals) = postSolution
		SolutionGuid = {5308D0B5-7872-4C8C-B77C-9E88F07A5D9D}
	EndGlobalSection
EndGlobal
