
Microsoft Visual Studio Solution File, Format Version 12.00
# Visual Studio 15
VisualStudioVersion = 15.0.28307.1145
MinimumVisualStudioVersion = 10.0.40219.1
Project("{FAE04EC0-301F-11D3-BF4B-00C04F79EFBC}") = "OpenFiledialog_Timer_Keys", "OpenFiledialog_Timer_Keys\OpenFiledialog_Timer_Keys.csproj", "{1E4645DC-336B-4F72-9A6D-19A27ED3DC37}"
EndProject
Global
	GlobalSection(SolutionConfigurationPlatforms) = preSolution
		Debug|Any CPU = Debug|Any CPU
		Release|Any CPU = Release|Any CPU
	EndGlobalSection
	GlobalSection(ProjectConfigurationPlatforms) = postSolution
		{1E4645DC-336B-4F72-9A6D-19A27ED3DC37}.Debug|Any CPU.ActiveCfg = Debug|Any CPU
		{1E4645DC-336B-4F72-9A6D-19A27ED3DC37}.Debug|Any CPU.Build.0 = Debug|Any CPU
		{1E4645DC-336B-4F72-9A6D-19A27ED3DC37}.Release|Any CPU.ActiveCfg = Release|Any CPU
		{1E4645DC-336B-4F72-9A6D-19A27ED3DC37}.Release|Any CPU.Build.0 = Release|Any CPU
	EndGlobalSection
	GlobalSection(SolutionProperties) = preSolution
		HideSolutionNode = FALSE
	EndGlobalSection
	GlobalSection(ExtensibilityGlobals) = postSolution
		SolutionGuid = {79B51BAE-A7D6-44C2-BD56-0199B1EDDD13}
	EndGlobalSection
EndGlobal
