
Microsoft Visual Studio Solution File, Format Version 12.00
# Visual Studio Version 17
VisualStudioVersion = 17.4.33205.214
MinimumVisualStudioVersion = 10.0.40219.1
Project("{FAE04EC0-301F-11D3-BF4B-00C04F79EFBC}") = "Ex15_DebugGerador", "Ex15_DebugGerador.csproj", "{A0C5D6C1-70D2-440C-BA5D-2B2FE80ABBE1}"
EndProject
Global
	GlobalSection(SolutionConfigurationPlatforms) = preSolution
		Debug|Any CPU = Debug|Any CPU
		Release|Any CPU = Release|Any CPU
	EndGlobalSection
	GlobalSection(ProjectConfigurationPlatforms) = postSolution
		{A0C5D6C1-70D2-440C-BA5D-2B2FE80ABBE1}.Debug|Any CPU.ActiveCfg = Debug|Any CPU
		{A0C5D6C1-70D2-440C-BA5D-2B2FE80ABBE1}.Debug|Any CPU.Build.0 = Debug|Any CPU
		{A0C5D6C1-70D2-440C-BA5D-2B2FE80ABBE1}.Release|Any CPU.ActiveCfg = Release|Any CPU
		{A0C5D6C1-70D2-440C-BA5D-2B2FE80ABBE1}.Release|Any CPU.Build.0 = Release|Any CPU
	EndGlobalSection
	GlobalSection(SolutionProperties) = preSolution
		HideSolutionNode = FALSE
	EndGlobalSection
	GlobalSection(ExtensibilityGlobals) = postSolution
		SolutionGuid = {24A15FF3-211A-4A33-92E2-71C690268548}
	EndGlobalSection
EndGlobal
