
Microsoft Visual Studio Solution File, Format Version 12.00
# Visual Studio Version 16
VisualStudioVersion = 16.0.30523.141
MinimumVisualStudioVersion = 10.0.40219.1
Project("{FAE04EC0-301F-11D3-BF4B-00C04F79EFBC}") = "Cobra", "Cobra.csproj", "{6673E355-F2DB-4BCD-B7F0-8C5CE38B9A40}"
EndProject
Global
	GlobalSection(SolutionConfigurationPlatforms) = preSolution
		Debug|Any CPU = Debug|Any CPU
		Release|Any CPU = Release|Any CPU
	EndGlobalSection
	GlobalSection(ProjectConfigurationPlatforms) = postSolution
		{6673E355-F2DB-4BCD-B7F0-8C5CE38B9A40}.Debug|Any CPU.ActiveCfg = Debug|Any CPU
		{6673E355-F2DB-4BCD-B7F0-8C5CE38B9A40}.Debug|Any CPU.Build.0 = Debug|Any CPU
		{6673E355-F2DB-4BCD-B7F0-8C5CE38B9A40}.Release|Any CPU.ActiveCfg = Release|Any CPU
		{6673E355-F2DB-4BCD-B7F0-8C5CE38B9A40}.Release|Any CPU.Build.0 = Release|Any CPU
	EndGlobalSection
	GlobalSection(SolutionProperties) = preSolution
		HideSolutionNode = FALSE
	EndGlobalSection
	GlobalSection(ExtensibilityGlobals) = postSolution
		SolutionGuid = {D0EDDD06-2265-4908-A9A5-33615108A969}
	EndGlobalSection
EndGlobal
